schema: '2.0'
stages:
  script1:
    cmd: python pipeline/preprocessing.py
    deps:
    - path: pipeline/preprocessing.py
      hash: md5
      md5: f0615fb99cc035a8b5246ef947bc3443
      size: 2926
    - path: pipeline/rejsekort_latest_year_daily_export.xlsx
      hash: md5
      md5: fc2ab81356cd3c1c765ffbbba3d1d464
      size: 13090
    outs:
    - path: data_cleaned.csv
      hash: md5
      md5: 512a68b770ea264ddb902682ac3d23f4
      size: 84017
  script2:
    cmd: python pipeline/selected_arima.py
    deps:
    - path: data_cleaned.csv
      hash: md5
      md5: 3cc90a0b0c86e1e3c008e0babfe7e749
      size: 84043
    - path: pipeline/selected_arima.py
      hash: md5
      md5: 10f28716042d1520b5c0b509a1672511
      size: 3726
  script3:
    cmd: python pipeline/autoarima.py
    deps:
    - path: data_cleaned.csv
      hash: md5
      md5: 3cc90a0b0c86e1e3c008e0babfe7e749
      size: 84043
    - path: pipeline/autoarima.py
      hash: md5
      md5: e02450c7c6ac50f70526821cffcb551d
      size: 4334
  script4:
    cmd: python pipeline/prophet_model.py
    deps:
    - path: data_cleaned.csv
      hash: md5
      md5: 3cc90a0b0c86e1e3c008e0babfe7e749
      size: 84043
    - path: pipeline/prophet_model.py
      hash: md5
      md5: 9ea4c5bda7d328c3b4735ae5a5cb9336
      size: 3416
  script5:
    cmd: python pipeline/BiLSTM.py
    deps:
    - path: data_cleaned.csv
      hash: md5
      md5: 3cc90a0b0c86e1e3c008e0babfe7e749
      size: 84043
    - path: pipeline/BiLSTM.py
      hash: md5
      md5: 292b026b47180e21991024c097d0c2d6
      size: 4704
  ingest:
    cmd: node pipeline/download-daily.js && python 
      pipeline/prepare_daily_ingest.py
    deps:
    - path: pipeline/download-daily.js
      hash: md5
      md5: 23347cda90972a45f27984391937f731
      size: 4471
    - path: pipeline/prepare_daily_ingest.py
      hash: md5
      md5: d22bcbbb55fb0400204fc7b3ee229bf4
      size: 1356
    outs:
    - path: Data(update).xlsx
      hash: md5
      md5: 8663086160634f8fe0e54f78fccf40e3
      size: 10838
    - path: pipeline/rejsekort_latest_year_daily_export.xlsx
      hash: md5
      md5: 2e7bb33fd56333c24bf226eb6735dcb5
      size: 13091
  ingest_monthly_chart:
    cmd: node pipeline/download-monthly.js
    deps:
    - path: pipeline/download-monthly.js
      hash: md5
      md5: 15e9180e19ff9fa296c52cc8f011ea62
      size: 5986
    outs:
    - path: pipeline/rejsekort_monthly_chart_export.xlsx
      hash: md5
      md5: 63cbf04ac6208ae9af3f4ae37314fbef
      size: 5953
  ingest_monthly_extension:
    cmd: node "pipeline/download-mothly-script 2.js"
    deps:
    - path: pipeline/download-mothly-script 2.js
      hash: md5
      md5: 5ba2788aa6232be2e88b0a834b51dbd8
      size: 7419
    outs:
    - path: pipeline/rejsekort_monthly_export_extension_data.xlsx
      hash: md5
      md5: 43262da38d699e569b56fdb7c13b6f28
      size: 5953
  preprocess:
    cmd: python pipeline/preprocessing.py
    deps:
    - path: Data(update).xlsx
      hash: md5
      md5: 8663086160634f8fe0e54f78fccf40e3
      size: 10838
    - path: pipeline/preprocessing.py
      hash: md5
      md5: b4d7010be01d2b83e6def5f21453f92c
      size: 9491
    outs:
    - path: results/daily/data_cleaned.csv
      hash: md5
      md5: 519abbe40897fb59da168ada8a92b29d
      size: 94619
  selected_arima:
    cmd: python pipeline/selected_arima.py
    deps:
    - path: pipeline/forecast_utils.py
      hash: md5
      md5: deca8657c82917695a25a12e2b557691
      size: 3289
    - path: pipeline/selected_arima.py
      hash: md5
      md5: 83b8c4275538ecd0c9b77571c88d5385
      size: 3111
    - path: results/daily/data_cleaned.csv
      hash: md5
      md5: 519abbe40897fb59da168ada8a92b29d
      size: 94619
    outs:
    - path: results/daily/sarima_forecast.csv
      hash: md5
      md5: c0e1c733cbedf4483d9ba6f0c96afa67
      size: 705
    - path: results/daily/sarima_metrics.csv
      hash: md5
      md5: c47c4e9be1529f6f4a776e38ee99da62
      size: 110
  autoarima:
    cmd: python pipeline/autoarima.py
    deps:
    - path: pipeline/autoarima.py
      hash: md5
      md5: cd9cbc1eb84577615c19afadada9e963
      size: 3193
    - path: pipeline/forecast_utils.py
      hash: md5
      md5: deca8657c82917695a25a12e2b557691
      size: 3289
    - path: results/daily/data_cleaned.csv
      hash: md5
      md5: 519abbe40897fb59da168ada8a92b29d
      size: 94619
    outs:
    - path: results/daily/autoarima_forecast.csv
      hash: md5
      md5: c68dc8a540cfe42fb6ac03ac6df4d750
      size: 708
    - path: results/daily/autoarima_metrics.csv
      hash: md5
      md5: c6cda18f1004a607cfc76e3e54dda474
      size: 112
  prophet:
    cmd: python pipeline/prophet_model.py
    deps:
    - path: pipeline/prophet_model.py
      hash: md5
      md5: 6746fef660f68f63a8fecd2abf810e6c
      size: 2770
    - path: results/daily/data_cleaned.csv
      hash: md5
      md5: 519abbe40897fb59da168ada8a92b29d
      size: 94619
    outs:
    - path: results/daily/prophet_forecast.csv
      hash: md5
      md5: 0f7a824bd7ff1baf65df73836543fc5c
      size: 873
    - path: results/daily/prophet_metrics.csv
      hash: md5
      md5: 4623397a3fd99c6d7798aa3cfb438c0d
      size: 108
  bilstm:
    cmd: python pipeline/BiLSTM.py
    deps:
    - path: pipeline/BiLSTM.py
      hash: md5
      md5: 65b73c0927e281abec3b9a335e460a1b
      size: 5257
    - path: results/daily/data_cleaned.csv
      hash: md5
      md5: 519abbe40897fb59da168ada8a92b29d
      size: 94619
    outs:
    - path: results/daily/bilstm_forecast.csv
      hash: md5
      md5: 02eeca031c6e5d7487394a33b2326693
      size: 881
    - path: results/daily/bilstm_metrics.csv
      hash: md5
      md5: f2fc7de8b16206b5376ae8ede440e070
      size: 106
    - path: results/daily/bilstm_validation.png
      hash: md5
      md5: cc22914851e43e20879f853189d0ac5c
      size: 535543
  monthly:
    cmd: python pipeline/ingest_monthly.py && python 
      pipeline/monthly_forecast.py
    deps:
    - path: pipeline/download-monthly.js
      hash: md5
      md5: 94536b092d638ef92327c56a68b5e068
      size: 1412
    - path: pipeline/download-mothly-script 2.js
      hash: md5
      md5: bb829784eac81ef5e0e6a85c44fe1b49
      size: 7375
    - path: pipeline/ingest_monthly.py
      hash: md5
      md5: 3047853577a0951a51ec52ede28b4ee9
      size: 10203
    - path: pipeline/monthly_forecast.py
      hash: md5
      md5: 72d4ad4a3e6b31b0396044f2f4d4b9db
      size: 20309
    outs:
    - path: results/monthly/monthly_cleaned.csv
      hash: md5
      md5: 50a82239cce8efc6e41acccee3ffd828
      size: 3504
    - path: results/monthly/monthly_forecast.csv
      hash: md5
      md5: 7b22f625af52860dd43919277ac42401
      size: 1237
    - path: results/monthly/monthly_model_metrics.csv
      hash: md5
      md5: 3804f0ae11f273d8a8f0c9e10bdc31a3
      size: 235
    - path: results/monthly/monthly_trends.png
      hash: md5
      md5: 0a91b902405cfd3ce72587ab21cce461
      size: 490262
    - path: results/monthly/raw/rejsekort_monthly_chart_export.xlsx
      hash: md5
      md5: 7f226ef1fdc23bac74c0b18188669a60
      size: 8198
    - path: results/monthly/raw/rejsekort_monthly_export_extension_data.xlsx
      hash: md5
      md5: 43839d42460929c95f5b0f6ae4346d12
      size: 5972
  daily_forecast:
    cmd: python pipeline/daily_forecast.py
    deps:
    - path: pipeline/daily_forecast.py
      hash: md5
      md5: 67d148e5cbd9d8f476cdb52b5cde45ed
      size: 20296
    - path: pipeline/forecast_utils.py
      hash: md5
      md5: deca8657c82917695a25a12e2b557691
      size: 3289
    - path: results/daily/autoarima_forecast.csv
      hash: md5
      md5: c68dc8a540cfe42fb6ac03ac6df4d750
      size: 708
    - path: results/daily/autoarima_metrics.csv
      hash: md5
      md5: c6cda18f1004a607cfc76e3e54dda474
      size: 112
    - path: results/daily/bilstm_forecast.csv
      hash: md5
      md5: 02eeca031c6e5d7487394a33b2326693
      size: 881
    - path: results/daily/bilstm_metrics.csv
      hash: md5
      md5: f2fc7de8b16206b5376ae8ede440e070
      size: 106
    - path: results/daily/data_cleaned.csv
      hash: md5
      md5: 519abbe40897fb59da168ada8a92b29d
      size: 94619
    - path: results/daily/prophet_forecast.csv
      hash: md5
      md5: 0f7a824bd7ff1baf65df73836543fc5c
      size: 873
    - path: results/daily/prophet_metrics.csv
      hash: md5
      md5: 4623397a3fd99c6d7798aa3cfb438c0d
      size: 108
    - path: results/daily/sarima_forecast.csv
      hash: md5
      md5: c0e1c733cbedf4483d9ba6f0c96afa67
      size: 705
    - path: results/daily/sarima_metrics.csv
      hash: md5
      md5: c47c4e9be1529f6f4a776e38ee99da62
      size: 110
    outs:
    - path: results/daily/daily_forecast.csv
      hash: md5
      md5: caf80d704ffed9d81b9bec22104fd82e
      size: 2267
    - path: results/daily/daily_model_metrics.csv
      hash: md5
      md5: 88066e61d912e8578c9e546590f1fb10
      size: 352
    - path: results/daily/daily_trends.png
      hash: md5
      md5: fc4eed5ae608732941e2e3eae39de834
      size: 1050057
